
Microsoft Visual Studio Solution File, Format Version 11.00
# Visual C# Express 2010
Project("{FAE04EC0-301F-11D3-BF4B-00C04F79EFBC}") = "Assignment_may2012", "Assignment_may2012\Assignment_may2012.csproj", "{29AAEFAB-D0F2-4263-84D7-C2DB43D3CFA7}"
EndProject
Global
	GlobalSection(SolutionConfigurationPlatforms) = preSolution
		Debug|x86 = Debug|x86
		Release|x86 = Release|x86
	EndGlobalSection
	GlobalSection(ProjectConfigurationPlatforms) = postSolution
		{29AAEFAB-D0F2-4263-84D7-C2DB43D3CFA7}.Debug|x86.ActiveCfg = Debug|x86
		{29AAEFAB-D0F2-4263-84D7-C2DB43D3CFA7}.Debug|x86.Build.0 = Debug|x86
		{29AAEFAB-D0F2-4263-84D7-C2DB43D3CFA7}.Release|x86.ActiveCfg = Release|x86
		{29AAEFAB-D0F2-4263-84D7-C2DB43D3CFA7}.Release|x86.Build.0 = Release|x86
	EndGlobalSection
	GlobalSection(SolutionProperties) = preSolution
		HideSolutionNode = FALSE
	EndGlobalSection
EndGlobal
